{"1.2.0",
[{<<"erlang_psq">>,
  {git,"https://github.com/seriyps/psq",
       {ref,"46329ccb60f27d7d4c3f3643441ccef6c5f9c89c"}},
  0},
 {<<"ranch">>,{pkg,<<"ranch">>,<<"1.7.0">>},0}]}.
[
{pkg_hash,[
 {<<"ranch">>, <<"9583F47160CA62AF7F8D5DB11454068EAA32B56EEADF984D4F46E61A076DF5F2">>}]},
{pkg_hash_ext,[
 {<<"ranch">>, <<"59F7501C3A56125B2FC5684C3048FAC9D043C0BF4D173941B12CA927949AF189">>}]}
].
